{
  "nodes": {
    "beautysh": {
      "inputs": {
        "nixpkgs": [
          "nixvim",
          "nixpkgs"
        ],
        "poetry2nix": "poetry2nix",
        "utils": "utils"
      },
      "locked": {
        "lastModified": 1680308980,
        "narHash": "sha256-aUEHV0jk2qIFP3jlsWYWhBbm+w/N9gzH3e4I5DcdB5s=",
        "owner": "lovesegfault",
        "repo": "beautysh",
        "rev": "9845efc3ea3e86cc0d41465d720a47f521b2799c",
        "type": "github"
      },
      "original": {
        "owner": "lovesegfault",
        "repo": "beautysh",
        "type": "github"
      }
    },
    "blade-treesitter": {
      "flake": false,
      "locked": {
        "lastModified": 1695162772,
        "narHash": "sha256-DSDiY6C8zfEE0BTOlbne15cqmPcNdTsl9Cp1huuAqRE=",
        "owner": "EmranMR",
        "repo": "tree-sitter-blade",
        "rev": "a87e20810a71537f42e8eeb11722a19ac6051d1e",
        "type": "github"
      },
      "original": {
        "owner": "EmranMR",
        "repo": "tree-sitter-blade",
        "type": "github"
      }
    },
    "flake-compat": {
      "flake": false,
      "locked": {
        "lastModified": 1673956053,
        "narHash": "sha256-4gtG9iQuiKITOjNQQeQIpoIB6b16fm+504Ch3sNKLd8=",
        "owner": "edolstra",
        "repo": "flake-compat",
        "rev": "35bb57c0c8d8b62bbfd284272c928ceb64ddbde9",
        "type": "github"
      },
      "original": {
        "owner": "edolstra",
        "repo": "flake-compat",
        "type": "github"
      }
    },
    "flake-compat_2": {
      "flake": false,
      "locked": {
        "lastModified": 1673956053,
        "narHash": "sha256-4gtG9iQuiKITOjNQQeQIpoIB6b16fm+504Ch3sNKLd8=",
        "owner": "edolstra",
        "repo": "flake-compat",
        "rev": "35bb57c0c8d8b62bbfd284272c928ceb64ddbde9",
        "type": "github"
      },
      "original": {
        "owner": "edolstra",
        "repo": "flake-compat",
        "type": "github"
      }
    },
    "flake-parts": {
      "inputs": {
        "nixpkgs-lib": "nixpkgs-lib"
      },
      "locked": {
        "lastModified": 1701473968,
        "narHash": "sha256-YcVE5emp1qQ8ieHUnxt1wCZCC3ZfAS+SRRWZ2TMda7E=",
        "owner": "hercules-ci",
        "repo": "flake-parts",
        "rev": "34fed993f1674c8d06d58b37ce1e0fe5eebcb9f5",
        "type": "github"
      },
      "original": {
        "owner": "hercules-ci",
        "repo": "flake-parts",
        "type": "github"
      }
    },
    "flake-utils": {
      "inputs": {
        "systems": "systems"
      },
      "locked": {
        "lastModified": 1694529238,
        "narHash": "sha256-zsNZZGTGnMOf9YpHKJqMSsa0dXbfmxeoJ7xHlrt+xmY=",
        "owner": "numtide",
        "repo": "flake-utils",
        "rev": "ff7b65b44d01cf9ba6a71320833626af21126384",
        "type": "github"
      },
      "original": {
        "owner": "numtide",
        "repo": "flake-utils",
        "type": "github"
      }
    },
    "flake-utils_2": {
      "inputs": {
        "systems": "systems_2"
      },
      "locked": {
        "lastModified": 1685518550,
        "narHash": "sha256-o2d0KcvaXzTrPRIo0kOLV0/QXHhDQ5DTi+OxcjO8xqY=",
        "owner": "numtide",
        "repo": "flake-utils",
        "rev": "a1720a10a6cfe8234c0e93907ffe81be440f4cef",
        "type": "github"
      },
      "original": {
        "owner": "numtide",
        "repo": "flake-utils",
        "type": "github"
      }
    },
    "flake-utils_3": {
      "inputs": {
        "systems": "systems_3"
      },
      "locked": {
        "lastModified": 1694529238,
        "narHash": "sha256-zsNZZGTGnMOf9YpHKJqMSsa0dXbfmxeoJ7xHlrt+xmY=",
        "owner": "numtide",
        "repo": "flake-utils",
        "rev": "ff7b65b44d01cf9ba6a71320833626af21126384",
        "type": "github"
      },
      "original": {
        "owner": "numtide",
        "repo": "flake-utils",
        "type": "github"
      }
    },
    "flake-utils_4": {
      "inputs": {
        "systems": "systems_4"
      },
      "locked": {
        "lastModified": 1685518550,
        "narHash": "sha256-o2d0KcvaXzTrPRIo0kOLV0/QXHhDQ5DTi+OxcjO8xqY=",
        "owner": "numtide",
        "repo": "flake-utils",
        "rev": "a1720a10a6cfe8234c0e93907ffe81be440f4cef",
        "type": "github"
      },
      "original": {
        "owner": "numtide",
        "repo": "flake-utils",
        "type": "github"
      }
    },
    "gitignore": {
      "inputs": {
        "nixpkgs": [
          "nixvim",
          "pre-commit-hooks",
          "nixpkgs"
        ]
      },
      "locked": {
        "lastModified": 1660459072,
        "narHash": "sha256-8DFJjXG8zqoONA1vXtgeKXy68KdJL5UaXR8NtVMUbx8=",
        "owner": "hercules-ci",
        "repo": "gitignore.nix",
        "rev": "a20de23b925fd8264fd7fad6454652e142fd7f73",
        "type": "github"
      },
      "original": {
        "owner": "hercules-ci",
        "repo": "gitignore.nix",
        "type": "github"
      }
    },
    "gitignore_2": {
      "inputs": {
        "nixpkgs": [
          "pre-commit-hooks",
          "nixpkgs"
        ]
      },
      "locked": {
        "lastModified": 1660459072,
        "narHash": "sha256-8DFJjXG8zqoONA1vXtgeKXy68KdJL5UaXR8NtVMUbx8=",
        "owner": "hercules-ci",
        "repo": "gitignore.nix",
        "rev": "a20de23b925fd8264fd7fad6454652e142fd7f73",
        "type": "github"
      },
      "original": {
        "owner": "hercules-ci",
        "repo": "gitignore.nix",
        "type": "github"
      }
    },
    "htmx-lsp": {
      "flake": false,
      "locked": {
        "lastModified": 1701287328,
        "narHash": "sha256-0b3bWAbPjq8WfixhCbVQuMIAHzzwpE1k5WlBiqbNrX0=",
        "owner": "ThePrimeagen",
        "repo": "htmx-lsp",
        "rev": "040b12923ffac2711dbaa1319ef44ecdbe754483",
        "type": "github"
      },
      "original": {
        "owner": "ThePrimeagen",
        "repo": "htmx-lsp",
        "type": "github"
      }
    },
    "nixpkgs": {
      "locked": {
        "lastModified": 1701253981,
        "narHash": "sha256-ztaDIyZ7HrTAfEEUt9AtTDNoCYxUdSd6NrRHaYOIxtk=",
        "owner": "nixos",
        "repo": "nixpkgs",
        "rev": "e92039b55bcd58469325ded85d4f58dd5a4eaf58",
        "type": "github"
      },
      "original": {
        "owner": "nixos",
        "ref": "nixos-unstable",
        "repo": "nixpkgs",
        "type": "github"
      }
    },
    "nixpkgs-lib": {
      "locked": {
        "dir": "lib",
        "lastModified": 1701253981,
        "narHash": "sha256-ztaDIyZ7HrTAfEEUt9AtTDNoCYxUdSd6NrRHaYOIxtk=",
        "owner": "NixOS",
        "repo": "nixpkgs",
        "rev": "e92039b55bcd58469325ded85d4f58dd5a4eaf58",
        "type": "github"
      },
      "original": {
        "dir": "lib",
        "owner": "NixOS",
        "ref": "nixos-unstable",
        "repo": "nixpkgs",
        "type": "github"
      }
    },
    "nixpkgs-stable": {
      "locked": {
        "lastModified": 1701362232,
        "narHash": "sha256-GVdzxL0lhEadqs3hfRLuj+L1OJFGiL/L7gCcelgBlsw=",
        "owner": "nixos",
        "repo": "nixpkgs",
        "rev": "d2332963662edffacfddfad59ff4f709dde80ffe",
        "type": "github"
      },
      "original": {
        "owner": "nixos",
        "ref": "nixos-23.05",
        "repo": "nixpkgs",
        "type": "github"
      }
    },
    "nixpkgs-stable_2": {
      "locked": {
        "lastModified": 1685801374,
        "narHash": "sha256-otaSUoFEMM+LjBI1XL/xGB5ao6IwnZOXc47qhIgJe8U=",
        "owner": "NixOS",
        "repo": "nixpkgs",
        "rev": "c37ca420157f4abc31e26f436c1145f8951ff373",
        "type": "github"
      },
      "original": {
        "owner": "NixOS",
        "ref": "nixos-23.05",
        "repo": "nixpkgs",
        "type": "github"
      }
    },
    "nixpkgs-stable_3": {
      "locked": {
        "lastModified": 1685801374,
        "narHash": "sha256-otaSUoFEMM+LjBI1XL/xGB5ao6IwnZOXc47qhIgJe8U=",
        "owner": "NixOS",
        "repo": "nixpkgs",
        "rev": "c37ca420157f4abc31e26f436c1145f8951ff373",
        "type": "github"
      },
      "original": {
        "owner": "NixOS",
        "ref": "nixos-23.05",
        "repo": "nixpkgs",
        "type": "github"
      }
    },
    "nixpkgs_2": {
      "locked": {
        "lastModified": 1697723726,
        "narHash": "sha256-SaTWPkI8a5xSHX/rrKzUe+/uVNy6zCGMXgoeMb7T9rg=",
        "owner": "nixos",
        "repo": "nixpkgs",
        "rev": "7c9cc5a6e5d38010801741ac830a3f8fd667a7a0",
        "type": "github"
      },
      "original": {
        "owner": "nixos",
        "ref": "nixos-unstable",
        "repo": "nixpkgs",
        "type": "github"
      }
    },
    "nixvim": {
      "inputs": {
        "beautysh": "beautysh",
        "flake-utils": "flake-utils",
        "nixpkgs": [
          "nixpkgs"
        ],
        "pre-commit-hooks": "pre-commit-hooks"
      },
      "locked": {
        "lastModified": 1701379698,
        "narHash": "sha256-u4wV7iI5XCMkj/BSyr9sih9WgevnYhw01nFWAerFEGE=",
        "owner": "nix-community",
        "repo": "nixvim",
        "rev": "28fc85484ab827912b1785484dd709c62d9a8237",
        "type": "github"
      },
      "original": {
        "owner": "nix-community",
        "repo": "nixvim",
        "type": "github"
      }
    },
    "php-debug-adapter": {
      "inputs": {
        "flake-utils": "flake-utils_3",
        "nixpkgs": "nixpkgs_2"
      },
      "locked": {
        "lastModified": 1698262481,
        "narHash": "sha256-qmX11pXXbdIPWCcsotwEZMA6MCYb+MP0m1+tuqQWbZ0=",
        "ref": "refs/heads/main",
        "rev": "809d451e4ce72628f64fcd22155021fcce895280",
        "revCount": 2,
        "type": "git",
        "url": "https://gitea.ad-impeldown.synology.me/alpha/php-debug-adapter-flake.git"
      },
      "original": {
        "type": "git",
        "url": "https://gitea.ad-impeldown.synology.me/alpha/php-debug-adapter-flake.git"
      }
    },
    "php-treesitter": {
      "flake": false,
      "locked": {
        "lastModified": 1700577964,
        "narHash": "sha256-rRnqmkMGQ+iywUyf+sEK7CiMsI1SSNKmt1jHp2SShh4=",
        "owner": "CalebDW",
        "repo": "tree-sitter-php",
        "rev": "5b8d15442a36086b90c966e6717a9697ef07eaf7",
        "type": "github"
      },
      "original": {
        "owner": "CalebDW",
        "ref": "common_parser",
        "repo": "tree-sitter-php",
        "type": "github"
      }
    },
    "phpactor": {
      "flake": false,
      "locked": {
        "lastModified": 1695552818,
        "narHash": "sha256-HWWs44gItSQYxrroDY+q9e7uERf0ChSAliqArAUNaJs=",
        "owner": "phpactor",
        "repo": "phpactor",
        "rev": "aa0f667e59ba4c5db624bcf83c3bea91015b0e77",
        "type": "github"
      },
      "original": {
        "owner": "phpactor",
        "ref": "2023.09.24.0",
        "repo": "phpactor",
        "type": "github"
      }
    },
    "plugin-enfocado": {
      "flake": false,
      "locked": {
        "lastModified": 1697862550,
        "narHash": "sha256-s+6f//aZFeaKLNN9cOXEexiPUO7ocZ/docL2fBBdLMc=",
        "owner": "wuelnerdotexe",
        "repo": "vim-enfocado",
        "rev": "2a8fffdff1a20473f0fbacef10f2fb356e039b31",
        "type": "github"
      },
      "original": {
        "owner": "wuelnerdotexe",
        "repo": "vim-enfocado",
        "type": "github"
      }
    },
    "plugin-laravel": {
      "flake": false,
      "locked": {
        "lastModified": 1700904119,
        "narHash": "sha256-BT1BkK0i7IpGvP9ZvmqaZZne9PjcKcm9xt9CHwjdzWg=",
        "owner": "adalessa",
        "repo": "laravel.nvim",
        "rev": "ccce12e5401e26e8047b4d9017462bae514ada75",
        "type": "github"
      },
      "original": {
        "owner": "adalessa",
        "ref": "v2",
        "repo": "laravel.nvim",
        "type": "github"
      }
    },
    "plugin-leetcode": {
      "flake": false,
      "locked": {
        "lastModified": 1700959046,
        "narHash": "sha256-/hKSSCoUZkfv9aYjsG8UcTWqSpiuQuGxWAd23S1Fp/U=",
        "owner": "kawre",
        "repo": "leetcode.nvim",
        "rev": "d5a51f1b49b6bd8d33292498cbecd9eed4bdb65e",
        "type": "github"
      },
      "original": {
        "owner": "kawre",
        "repo": "leetcode.nvim",
        "type": "github"
      }
    },
    "plugin-php-lsp-utils": {
      "flake": false,
      "locked": {
        "lastModified": 1696425701,
        "narHash": "sha256-SDIuh0cngigs14V5MBPU+oCxyqaO5MgbEHzRfscz/is=",
        "owner": "adalessa",
        "repo": "php-lsp-utils",
        "rev": "650e4fefd7f22d6b1b075d14aac666d008679c88",
        "type": "github"
      },
      "original": {
        "owner": "adalessa",
        "repo": "php-lsp-utils",
        "type": "github"
      }
    },
    "plugin-scratch": {
      "flake": false,
      "locked": {
        "lastModified": 1699726500,
        "narHash": "sha256-yBWqmdI64ldWJp4ZwftNwPYqAmQg3AW5seEs3oCyxJU=",
        "owner": "adalessa",
        "repo": "scratch.nvim",
        "rev": "a4374b62b5e5a4d2b4f6e9d89d974b8257dc19f1",
        "type": "github"
      },
      "original": {
        "owner": "adalessa",
        "repo": "scratch.nvim",
        "type": "github"
      }
    },
    "plugin-telescope-graphql": {
      "flake": false,
      "locked": {
        "lastModified": 1696426060,
        "narHash": "sha256-+GSWeqOrRhwrmJjODIW3xdXSbsBP1Kzo4KGmxKT/f70=",
        "owner": "adalessa",
        "repo": "telescope-graphql",
        "rev": "2a7a8c1052820b920af513120b3142b943f322f4",
        "type": "github"
      },
      "original": {
        "owner": "adalessa",
        "repo": "telescope-graphql",
        "type": "github"
      }
    },
    "plugin-transparent": {
      "flake": false,
      "locked": {
        "lastModified": 1699805216,
        "narHash": "sha256-wT+7rmp08r0XYGp+MhjJX8dsFTar8+nf10CV9OdkOSk=",
        "owner": "xiyaowong",
        "repo": "nvim-transparent",
        "rev": "fd35a46f4b7c1b244249266bdcb2da3814f01724",
        "type": "github"
      },
      "original": {
        "owner": "xiyaowong",
        "repo": "nvim-transparent",
        "type": "github"
      }
    },
    "plugin-ultimate-autopairs": {
      "flake": false,
      "locked": {
        "lastModified": 1701152061,
        "narHash": "sha256-GrfyuGfDlvYFmlv9/gXgAkxGJbrCBxHRKIaw1ofRDlI=",
        "owner": "altermo",
        "repo": "ultimate-autopair.nvim",
        "rev": "3b8c8b153b54b2cb86dc6fcc547264a84c31f775",
        "type": "github"
      },
      "original": {
        "owner": "altermo",
        "repo": "ultimate-autopair.nvim",
        "type": "github"
      }
    },
    "poetry2nix": {
      "inputs": {
        "flake-utils": [
          "nixvim",
          "beautysh",
          "utils"
        ],
        "nixpkgs": [
          "nixvim",
          "beautysh",
          "nixpkgs"
        ]
      },
      "locked": {
        "lastModified": 1658665240,
        "narHash": "sha256-/wkx7D7enyBPRjIkK0w7QxLQhzEkb3UxNQnjyc3FTUI=",
        "owner": "nix-community",
        "repo": "poetry2nix",
        "rev": "8b8edc85d24661d5a6d0d71d6a7011f3e699780f",
        "type": "github"
      },
      "original": {
        "owner": "nix-community",
        "repo": "poetry2nix",
        "type": "github"
      }
    },
    "pre-commit-hooks": {
      "inputs": {
        "flake-compat": "flake-compat",
        "flake-utils": "flake-utils_2",
        "gitignore": "gitignore",
        "nixpkgs": [
          "nixvim",
          "nixpkgs"
        ],
        "nixpkgs-stable": "nixpkgs-stable_2"
      },
      "locked": {
        "lastModified": 1700922917,
        "narHash": "sha256-ej2fch/T584b5K9sk1UhmZF7W6wEfDHuoUYpFN8dtvM=",
        "owner": "cachix",
        "repo": "pre-commit-hooks.nix",
        "rev": "e5ee5c5f3844550c01d2131096c7271cec5e9b78",
        "type": "github"
      },
      "original": {
        "owner": "cachix",
        "repo": "pre-commit-hooks.nix",
        "type": "github"
      }
    },
    "pre-commit-hooks_2": {
      "inputs": {
        "flake-compat": "flake-compat_2",
        "flake-utils": "flake-utils_4",
        "gitignore": "gitignore_2",
        "nixpkgs": [
          "nixpkgs"
        ],
        "nixpkgs-stable": "nixpkgs-stable_3"
      },
      "locked": {
        "lastModified": 1700922917,
        "narHash": "sha256-ej2fch/T584b5K9sk1UhmZF7W6wEfDHuoUYpFN8dtvM=",
        "owner": "cachix",
        "repo": "pre-commit-hooks.nix",
        "rev": "e5ee5c5f3844550c01d2131096c7271cec5e9b78",
        "type": "github"
      },
      "original": {
        "owner": "cachix",
        "repo": "pre-commit-hooks.nix",
        "type": "github"
      }
    },
    "root": {
      "inputs": {
        "blade-treesitter": "blade-treesitter",
        "flake-parts": "flake-parts",
        "htmx-lsp": "htmx-lsp",
        "nixpkgs": "nixpkgs",
        "nixpkgs-stable": "nixpkgs-stable",
        "nixvim": "nixvim",
        "php-debug-adapter": "php-debug-adapter",
        "php-treesitter": "php-treesitter",
        "phpactor": "phpactor",
        "plugin-enfocado": "plugin-enfocado",
        "plugin-laravel": "plugin-laravel",
        "plugin-leetcode": "plugin-leetcode",
        "plugin-php-lsp-utils": "plugin-php-lsp-utils",
        "plugin-scratch": "plugin-scratch",
        "plugin-telescope-graphql": "plugin-telescope-graphql",
        "plugin-transparent": "plugin-transparent",
        "plugin-ultimate-autopairs": "plugin-ultimate-autopairs",
        "pre-commit-hooks": "pre-commit-hooks_2"
      }
    },
    "systems": {
      "locked": {
        "lastModified": 1681028828,
        "narHash": "sha256-Vy1rq5AaRuLzOxct8nz4T6wlgyUR7zLU309k9mBC768=",
        "owner": "nix-systems",
        "repo": "default",
        "rev": "da67096a3b9bf56a91d16901293e51ba5b49a27e",
        "type": "github"
      },
      "original": {
        "owner": "nix-systems",
        "repo": "default",
        "type": "github"
      }
    },
    "systems_2": {
      "locked": {
        "lastModified": 1681028828,
        "narHash": "sha256-Vy1rq5AaRuLzOxct8nz4T6wlgyUR7zLU309k9mBC768=",
        "owner": "nix-systems",
        "repo": "default",
        "rev": "da67096a3b9bf56a91d16901293e51ba5b49a27e",
        "type": "github"
      },
      "original": {
        "owner": "nix-systems",
        "repo": "default",
        "type": "github"
      }
    },
    "systems_3": {
      "locked": {
        "lastModified": 1681028828,
        "narHash": "sha256-Vy1rq5AaRuLzOxct8nz4T6wlgyUR7zLU309k9mBC768=",
        "owner": "nix-systems",
        "repo": "default",
        "rev": "da67096a3b9bf56a91d16901293e51ba5b49a27e",
        "type": "github"
      },
      "original": {
        "owner": "nix-systems",
        "repo": "default",
        "type": "github"
      }
    },
    "systems_4": {
      "locked": {
        "lastModified": 1681028828,
        "narHash": "sha256-Vy1rq5AaRuLzOxct8nz4T6wlgyUR7zLU309k9mBC768=",
        "owner": "nix-systems",
        "repo": "default",
        "rev": "da67096a3b9bf56a91d16901293e51ba5b49a27e",
        "type": "github"
      },
      "original": {
        "owner": "nix-systems",
        "repo": "default",
        "type": "github"
      }
    },
    "utils": {
      "locked": {
        "lastModified": 1678901627,
        "narHash": "sha256-U02riOqrKKzwjsxc/400XnElV+UtPUQWpANPlyazjH0=",
        "owner": "numtide",
        "repo": "flake-utils",
        "rev": "93a2b84fc4b70d9e089d029deacc3583435c2ed6",
        "type": "github"
      },
      "original": {
        "owner": "numtide",
        "repo": "flake-utils",
        "type": "github"
      }
    }
  },
  "root": "root",
  "version": 7
}
