{
  "nodes": {
    "blade-treesitter": {
      "flake": false,
      "locked": {
        "lastModified": 1709068746,
        "narHash": "sha256-Hmsc32eOjj9SqzJGPElEK960tML3rbr99DrBicM2WPk=",
        "owner": "EmranMR",
        "repo": "tree-sitter-blade",
        "rev": "1c0c868b869acffb9a72f98ac677b8d0b8182605",
        "type": "github"
      },
      "original": {
        "owner": "EmranMR",
        "repo": "tree-sitter-blade",
        "type": "github"
      }
    },
    "colorscheme-oldworld": {
      "flake": false,
      "locked": {
        "lastModified": 1717814346,
        "narHash": "sha256-mTYRNgkLphASyYzeRCyJdE+Vid/lboJZEjW/07VjbIg=",
        "owner": "dgox16",
        "repo": "oldworld.nvim",
        "rev": "1def9e678ea7d932cdb990c3fa13cb6ab27c5cad",
        "type": "github"
      },
      "original": {
        "owner": "dgox16",
        "repo": "oldworld.nvim",
        "type": "github"
      }
    },
    "devshell": {
      "inputs": {
        "flake-utils": "flake-utils",
        "nixpkgs": [
          "nixvim",
          "nixpkgs"
        ]
      },
      "locked": {
        "lastModified": 1717408969,
        "narHash": "sha256-Q0OEFqe35fZbbRPPRdrjTUUChKVhhWXz3T9ZSKmaoVY=",
        "owner": "numtide",
        "repo": "devshell",
        "rev": "1ebbe68d57457c8cae98145410b164b5477761f4",
        "type": "github"
      },
      "original": {
        "owner": "numtide",
        "repo": "devshell",
        "type": "github"
      }
    },
    "flake-compat": {
      "locked": {
        "lastModified": 1696426674,
        "narHash": "sha256-kvjfFW7WAETZlt09AgDn1MrtKzP7t90Vf7vypd3OL1U=",
        "rev": "0f9255e01c2351cc7d116c072cb317785dd33b33",
        "revCount": 57,
        "type": "tarball",
        "url": "https://api.flakehub.com/f/pinned/edolstra/flake-compat/1.0.1/018afb31-abd1-7bff-a5e4-cff7e18efb7a/source.tar.gz"
      },
      "original": {
        "type": "tarball",
        "url": "https://flakehub.com/f/edolstra/flake-compat/1.tar.gz"
      }
    },
    "flake-compat_2": {
      "flake": false,
      "locked": {
        "lastModified": 1696426674,
        "narHash": "sha256-kvjfFW7WAETZlt09AgDn1MrtKzP7t90Vf7vypd3OL1U=",
        "owner": "edolstra",
        "repo": "flake-compat",
        "rev": "0f9255e01c2351cc7d116c072cb317785dd33b33",
        "type": "github"
      },
      "original": {
        "owner": "edolstra",
        "repo": "flake-compat",
        "type": "github"
      }
    },
    "flake-compat_3": {
      "flake": false,
      "locked": {
        "lastModified": 1696426674,
        "narHash": "sha256-kvjfFW7WAETZlt09AgDn1MrtKzP7t90Vf7vypd3OL1U=",
        "owner": "edolstra",
        "repo": "flake-compat",
        "rev": "0f9255e01c2351cc7d116c072cb317785dd33b33",
        "type": "github"
      },
      "original": {
        "owner": "edolstra",
        "repo": "flake-compat",
        "type": "github"
      }
    },
    "flake-parts": {
      "inputs": {
        "nixpkgs-lib": "nixpkgs-lib"
      },
      "locked": {
        "lastModified": 1717285511,
        "narHash": "sha256-iKzJcpdXih14qYVcZ9QC9XuZYnPc6T8YImb6dX166kw=",
        "owner": "hercules-ci",
        "repo": "flake-parts",
        "rev": "2a55567fcf15b1b1c7ed712a2c6fadaec7412ea8",
        "type": "github"
      },
      "original": {
        "owner": "hercules-ci",
        "repo": "flake-parts",
        "type": "github"
      }
    },
    "flake-parts_2": {
      "inputs": {
        "nixpkgs-lib": [
          "nixvim",
          "nixpkgs"
        ]
      },
      "locked": {
        "lastModified": 1717285511,
        "narHash": "sha256-iKzJcpdXih14qYVcZ9QC9XuZYnPc6T8YImb6dX166kw=",
        "owner": "hercules-ci",
        "repo": "flake-parts",
        "rev": "2a55567fcf15b1b1c7ed712a2c6fadaec7412ea8",
        "type": "github"
      },
      "original": {
        "owner": "hercules-ci",
        "repo": "flake-parts",
        "type": "github"
      }
    },
    "flake-utils": {
      "inputs": {
        "systems": "systems"
      },
      "locked": {
        "lastModified": 1701680307,
        "narHash": "sha256-kAuep2h5ajznlPMD9rnQyffWG8EM/C73lejGofXvdM8=",
        "owner": "numtide",
        "repo": "flake-utils",
        "rev": "4022d587cbbfd70fe950c1e2083a02621806a725",
        "type": "github"
      },
      "original": {
        "owner": "numtide",
        "repo": "flake-utils",
        "type": "github"
      }
    },
    "git-hooks": {
      "inputs": {
        "flake-compat": "flake-compat_2",
        "gitignore": "gitignore",
        "nixpkgs": [
          "nixvim",
          "nixpkgs"
        ],
        "nixpkgs-stable": [
          "nixvim",
          "nixpkgs"
        ]
      },
      "locked": {
        "lastModified": 1717664902,
        "narHash": "sha256-7XfBuLULizXjXfBYy/VV+SpYMHreNRHk9nKMsm1bgb4=",
        "owner": "cachix",
        "repo": "git-hooks.nix",
        "rev": "cc4d466cb1254af050ff7bdf47f6d404a7c646d1",
        "type": "github"
      },
      "original": {
        "owner": "cachix",
        "repo": "git-hooks.nix",
        "type": "github"
      }
    },
    "gitignore": {
      "inputs": {
        "nixpkgs": [
          "nixvim",
          "git-hooks",
          "nixpkgs"
        ]
      },
      "locked": {
        "lastModified": 1709087332,
        "narHash": "sha256-HG2cCnktfHsKV0s4XW83gU3F57gaTljL9KNSuG6bnQs=",
        "owner": "hercules-ci",
        "repo": "gitignore.nix",
        "rev": "637db329424fd7e46cf4185293b9cc8c88c95394",
        "type": "github"
      },
      "original": {
        "owner": "hercules-ci",
        "repo": "gitignore.nix",
        "type": "github"
      }
    },
    "gitignore_2": {
      "inputs": {
        "nixpkgs": [
          "pre-commit-hooks",
          "nixpkgs"
        ]
      },
      "locked": {
        "lastModified": 1709087332,
        "narHash": "sha256-HG2cCnktfHsKV0s4XW83gU3F57gaTljL9KNSuG6bnQs=",
        "owner": "hercules-ci",
        "repo": "gitignore.nix",
        "rev": "637db329424fd7e46cf4185293b9cc8c88c95394",
        "type": "github"
      },
      "original": {
        "owner": "hercules-ci",
        "repo": "gitignore.nix",
        "type": "github"
      }
    },
    "home-manager": {
      "inputs": {
        "nixpkgs": [
          "nixvim",
          "nixpkgs"
        ]
      },
      "locked": {
        "lastModified": 1717525419,
        "narHash": "sha256-5z2422pzWnPXHgq2ms8lcCfttM0dz+hg+x1pCcNkAws=",
        "owner": "nix-community",
        "repo": "home-manager",
        "rev": "a7117efb3725e6197dd95424136f79147aa35e5b",
        "type": "github"
      },
      "original": {
        "owner": "nix-community",
        "repo": "home-manager",
        "type": "github"
      }
    },
    "nix-darwin": {
      "inputs": {
        "nixpkgs": [
          "nixvim",
          "nixpkgs"
        ]
      },
      "locked": {
        "lastModified": 1716993688,
        "narHash": "sha256-vo5k2wQekfeoq/2aleQkBN41dQiQHNTniZeVONWiWLs=",
        "owner": "lnl7",
        "repo": "nix-darwin",
        "rev": "c0d5b8c54d6828516c97f6be9f2d00c63a363df4",
        "type": "github"
      },
      "original": {
        "owner": "lnl7",
        "repo": "nix-darwin",
        "type": "github"
      }
    },
    "nixpkgs": {
      "locked": {
        "lastModified": 1717602782,
        "narHash": "sha256-pL9jeus5QpX5R+9rsp3hhZ+uplVHscNJh8n8VpqscM0=",
        "owner": "nixos",
        "repo": "nixpkgs",
        "rev": "e8057b67ebf307f01bdcc8fba94d94f75039d1f6",
        "type": "github"
      },
      "original": {
        "owner": "nixos",
        "ref": "nixos-unstable",
        "repo": "nixpkgs",
        "type": "github"
      }
    },
    "nixpkgs-lib": {
      "locked": {
        "lastModified": 1717284937,
        "narHash": "sha256-lIbdfCsf8LMFloheeE6N31+BMIeixqyQWbSr2vk79EQ=",
        "type": "tarball",
        "url": "https://github.com/NixOS/nixpkgs/archive/eb9ceca17df2ea50a250b6b27f7bf6ab0186f198.tar.gz"
      },
      "original": {
        "type": "tarball",
        "url": "https://github.com/NixOS/nixpkgs/archive/eb9ceca17df2ea50a250b6b27f7bf6ab0186f198.tar.gz"
      }
    },
    "nixpkgs-stable": {
      "locked": {
        "lastModified": 1710695816,
        "narHash": "sha256-3Eh7fhEID17pv9ZxrPwCLfqXnYP006RKzSs0JptsN84=",
        "owner": "NixOS",
        "repo": "nixpkgs",
        "rev": "614b4613980a522ba49f0d194531beddbb7220d3",
        "type": "github"
      },
      "original": {
        "owner": "NixOS",
        "ref": "nixos-23.11",
        "repo": "nixpkgs",
        "type": "github"
      }
    },
    "nixvim": {
      "inputs": {
        "devshell": "devshell",
        "flake-compat": "flake-compat",
        "flake-parts": "flake-parts_2",
        "git-hooks": "git-hooks",
        "home-manager": "home-manager",
        "nix-darwin": "nix-darwin",
        "nixpkgs": [
          "nixpkgs"
        ],
        "treefmt-nix": "treefmt-nix"
      },
      "locked": {
        "lastModified": 1717799968,
        "narHash": "sha256-NvmBPOpaf2z8aId+stIJK3/URuc4EaL3KeurKkHTxRA=",
        "owner": "nix-community",
        "repo": "nixvim",
        "rev": "552e8b0a8551acc43292d06258829fe0621980e2",
        "type": "github"
      },
      "original": {
        "owner": "nix-community",
        "repo": "nixvim",
        "type": "github"
      }
    },
    "phpactor": {
      "flake": false,
      "locked": {
        "lastModified": 1714594599,
        "narHash": "sha256-EBWZRgKBPsjN3QEQpcY/eq7TUnEdDhYL28+yLs4djl4=",
        "owner": "phpactor",
        "repo": "phpactor",
        "rev": "ac99b4d8831eb5a249a2b1788cbb5b64a4a1c61c",
        "type": "github"
      },
      "original": {
        "owner": "phpactor",
        "repo": "phpactor",
        "type": "github"
      }
    },
    "plugin-laravel": {
      "flake": false,
      "locked": {
        "lastModified": 1714165607,
        "narHash": "sha256-DCcGaJTf9lk1zSG5B5MFiruDtSaXiPYLpRVZFU2mLQ4=",
        "owner": "adalessa",
        "repo": "laravel.nvim",
        "rev": "e595917a4b6d3472bf10176c41220004c03b66b8",
        "type": "github"
      },
      "original": {
        "owner": "adalessa",
        "ref": "development",
        "repo": "laravel.nvim",
        "type": "github"
      }
    },
    "plugin-neorg": {
      "flake": false,
      "locked": {
        "lastModified": 1703783667,
        "narHash": "sha256-Q5V3ru+fgPYS3OxN5jDMh+4Vi9eJOuq5cC/kJ6neJ3I=",
        "owner": "nvim-neorg",
        "repo": "neorg",
        "rev": "4cbedbbdd4ccb6f45a2045477f5658a1311dffa3",
        "type": "github"
      },
      "original": {
        "owner": "nvim-neorg",
        "ref": "v7.0.0",
        "repo": "neorg",
        "type": "github"
      }
    },
    "plugin-php-lsp-utils": {
      "flake": false,
      "locked": {
        "lastModified": 1696425701,
        "narHash": "sha256-SDIuh0cngigs14V5MBPU+oCxyqaO5MgbEHzRfscz/is=",
        "owner": "adalessa",
        "repo": "php-lsp-utils",
        "rev": "650e4fefd7f22d6b1b075d14aac666d008679c88",
        "type": "github"
      },
      "original": {
        "owner": "adalessa",
        "repo": "php-lsp-utils",
        "type": "github"
      }
    },
    "plugin-scratch": {
      "flake": false,
      "locked": {
        "lastModified": 1699726500,
        "narHash": "sha256-yBWqmdI64ldWJp4ZwftNwPYqAmQg3AW5seEs3oCyxJU=",
        "owner": "adalessa",
        "repo": "scratch.nvim",
        "rev": "a4374b62b5e5a4d2b4f6e9d89d974b8257dc19f1",
        "type": "github"
      },
      "original": {
        "owner": "adalessa",
        "repo": "scratch.nvim",
        "type": "github"
      }
    },
    "plugin-telescope-graphql": {
      "flake": false,
      "locked": {
        "lastModified": 1696426060,
        "narHash": "sha256-+GSWeqOrRhwrmJjODIW3xdXSbsBP1Kzo4KGmxKT/f70=",
        "owner": "adalessa",
        "repo": "telescope-graphql",
        "rev": "2a7a8c1052820b920af513120b3142b943f322f4",
        "type": "github"
      },
      "original": {
        "owner": "adalessa",
        "repo": "telescope-graphql",
        "type": "github"
      }
    },
    "plugin-transparent": {
      "flake": false,
      "locked": {
        "lastModified": 1699805216,
        "narHash": "sha256-wT+7rmp08r0XYGp+MhjJX8dsFTar8+nf10CV9OdkOSk=",
        "owner": "xiyaowong",
        "repo": "nvim-transparent",
        "rev": "fd35a46f4b7c1b244249266bdcb2da3814f01724",
        "type": "github"
      },
      "original": {
        "owner": "xiyaowong",
        "repo": "nvim-transparent",
        "type": "github"
      }
    },
    "plugin-twilight": {
      "flake": false,
      "locked": {
        "lastModified": 1695631985,
        "narHash": "sha256-WFE8FZU8E8i6mX9bFl80YkIypGXOOhKvGbLrBoPce0g=",
        "owner": "folke",
        "repo": "twilight.nvim",
        "rev": "8b7b50c0cb2dc781b2f4262a5ddd57571556d1e4",
        "type": "github"
      },
      "original": {
        "owner": "folke",
        "repo": "twilight.nvim",
        "type": "github"
      }
    },
    "plugin-ultimate-autopairs": {
      "flake": false,
      "locked": {
        "lastModified": 1717659762,
        "narHash": "sha256-S6JdUltzx7Wk3mzy0nFFgQzje/lyCrlD2rjSZCECizI=",
        "owner": "altermo",
        "repo": "ultimate-autopair.nvim",
        "rev": "5de8b5bdb882d2a95dd7458c3b5c18ee0754bd38",
        "type": "github"
      },
      "original": {
        "owner": "altermo",
        "repo": "ultimate-autopair.nvim",
        "type": "github"
      }
    },
    "plugin-worktree": {
      "flake": false,
      "locked": {
        "lastModified": 1714420982,
        "narHash": "sha256-CC9+h1i+l9TbE60LABZnwjkHy94VGQ7Hqd5jVHEW+mw=",
        "owner": "awerebea",
        "repo": "git-worktree.nvim",
        "rev": "a3917d0b7ca32e7faeed410cd6b0c572bf6384ac",
        "type": "github"
      },
      "original": {
        "owner": "awerebea",
        "ref": "handle_changes_in_telescope_api",
        "repo": "git-worktree.nvim",
        "type": "github"
      }
    },
    "pre-commit-hooks": {
      "inputs": {
        "flake-compat": "flake-compat_3",
        "gitignore": "gitignore_2",
        "nixpkgs": [
          "nixpkgs"
        ],
        "nixpkgs-stable": "nixpkgs-stable"
      },
      "locked": {
        "lastModified": 1717664902,
        "narHash": "sha256-7XfBuLULizXjXfBYy/VV+SpYMHreNRHk9nKMsm1bgb4=",
        "owner": "cachix",
        "repo": "pre-commit-hooks.nix",
        "rev": "cc4d466cb1254af050ff7bdf47f6d404a7c646d1",
        "type": "github"
      },
      "original": {
        "owner": "cachix",
        "repo": "pre-commit-hooks.nix",
        "type": "github"
      }
    },
    "root": {
      "inputs": {
        "blade-treesitter": "blade-treesitter",
        "colorscheme-oldworld": "colorscheme-oldworld",
        "flake-parts": "flake-parts",
        "nixpkgs": "nixpkgs",
        "nixvim": "nixvim",
        "phpactor": "phpactor",
        "plugin-laravel": "plugin-laravel",
        "plugin-neorg": "plugin-neorg",
        "plugin-php-lsp-utils": "plugin-php-lsp-utils",
        "plugin-scratch": "plugin-scratch",
        "plugin-telescope-graphql": "plugin-telescope-graphql",
        "plugin-transparent": "plugin-transparent",
        "plugin-twilight": "plugin-twilight",
        "plugin-ultimate-autopairs": "plugin-ultimate-autopairs",
        "plugin-worktree": "plugin-worktree",
        "pre-commit-hooks": "pre-commit-hooks"
      }
    },
    "systems": {
      "locked": {
        "lastModified": 1681028828,
        "narHash": "sha256-Vy1rq5AaRuLzOxct8nz4T6wlgyUR7zLU309k9mBC768=",
        "owner": "nix-systems",
        "repo": "default",
        "rev": "da67096a3b9bf56a91d16901293e51ba5b49a27e",
        "type": "github"
      },
      "original": {
        "owner": "nix-systems",
        "repo": "default",
        "type": "github"
      }
    },
    "treefmt-nix": {
      "inputs": {
        "nixpkgs": [
          "nixvim",
          "nixpkgs"
        ]
      },
      "locked": {
        "lastModified": 1717278143,
        "narHash": "sha256-u10aDdYrpiGOLoxzY/mJ9llST9yO8Q7K/UlROoNxzDw=",
        "owner": "numtide",
        "repo": "treefmt-nix",
        "rev": "3eb96ca1ae9edf792a8e0963cc92fddfa5a87706",
        "type": "github"
      },
      "original": {
        "owner": "numtide",
        "repo": "treefmt-nix",
        "type": "github"
      }
    }
  },
  "root": "root",
  "version": 7
}
