{
  "nodes": {
    "beautysh": {
      "inputs": {
        "nixpkgs": [
          "nixvim",
          "nixpkgs"
        ],
        "poetry2nix": "poetry2nix",
        "utils": "utils"
      },
      "locked": {
        "lastModified": 1680308980,
        "narHash": "sha256-aUEHV0jk2qIFP3jlsWYWhBbm+w/N9gzH3e4I5DcdB5s=",
        "owner": "lovesegfault",
        "repo": "beautysh",
        "rev": "9845efc3ea3e86cc0d41465d720a47f521b2799c",
        "type": "github"
      },
      "original": {
        "owner": "lovesegfault",
        "repo": "beautysh",
        "type": "github"
      }
    },
    "blade-treesitter": {
      "flake": false,
      "locked": {
        "lastModified": 1695162772,
        "narHash": "sha256-DSDiY6C8zfEE0BTOlbne15cqmPcNdTsl9Cp1huuAqRE=",
        "owner": "EmranMR",
        "repo": "tree-sitter-blade",
        "rev": "a87e20810a71537f42e8eeb11722a19ac6051d1e",
        "type": "github"
      },
      "original": {
        "owner": "EmranMR",
        "repo": "tree-sitter-blade",
        "type": "github"
      }
    },
    "flake-compat": {
      "flake": false,
      "locked": {
        "lastModified": 1673956053,
        "narHash": "sha256-4gtG9iQuiKITOjNQQeQIpoIB6b16fm+504Ch3sNKLd8=",
        "owner": "edolstra",
        "repo": "flake-compat",
        "rev": "35bb57c0c8d8b62bbfd284272c928ceb64ddbde9",
        "type": "github"
      },
      "original": {
        "owner": "edolstra",
        "repo": "flake-compat",
        "type": "github"
      }
    },
    "flake-utils": {
      "inputs": {
        "systems": "systems"
      },
      "locked": {
        "lastModified": 1694529238,
        "narHash": "sha256-zsNZZGTGnMOf9YpHKJqMSsa0dXbfmxeoJ7xHlrt+xmY=",
        "owner": "numtide",
        "repo": "flake-utils",
        "rev": "ff7b65b44d01cf9ba6a71320833626af21126384",
        "type": "github"
      },
      "original": {
        "owner": "numtide",
        "repo": "flake-utils",
        "type": "github"
      }
    },
    "flake-utils_2": {
      "inputs": {
        "systems": "systems_2"
      },
      "locked": {
        "lastModified": 1694529238,
        "narHash": "sha256-zsNZZGTGnMOf9YpHKJqMSsa0dXbfmxeoJ7xHlrt+xmY=",
        "owner": "numtide",
        "repo": "flake-utils",
        "rev": "ff7b65b44d01cf9ba6a71320833626af21126384",
        "type": "github"
      },
      "original": {
        "owner": "numtide",
        "repo": "flake-utils",
        "type": "github"
      }
    },
    "flake-utils_3": {
      "inputs": {
        "systems": "systems_3"
      },
      "locked": {
        "lastModified": 1685518550,
        "narHash": "sha256-o2d0KcvaXzTrPRIo0kOLV0/QXHhDQ5DTi+OxcjO8xqY=",
        "owner": "numtide",
        "repo": "flake-utils",
        "rev": "a1720a10a6cfe8234c0e93907ffe81be440f4cef",
        "type": "github"
      },
      "original": {
        "owner": "numtide",
        "repo": "flake-utils",
        "type": "github"
      }
    },
    "flake-utils_4": {
      "inputs": {
        "systems": "systems_4"
      },
      "locked": {
        "lastModified": 1694529238,
        "narHash": "sha256-zsNZZGTGnMOf9YpHKJqMSsa0dXbfmxeoJ7xHlrt+xmY=",
        "owner": "numtide",
        "repo": "flake-utils",
        "rev": "ff7b65b44d01cf9ba6a71320833626af21126384",
        "type": "github"
      },
      "original": {
        "owner": "numtide",
        "repo": "flake-utils",
        "type": "github"
      }
    },
    "gitignore": {
      "inputs": {
        "nixpkgs": [
          "nixvim",
          "pre-commit-hooks",
          "nixpkgs"
        ]
      },
      "locked": {
        "lastModified": 1660459072,
        "narHash": "sha256-8DFJjXG8zqoONA1vXtgeKXy68KdJL5UaXR8NtVMUbx8=",
        "owner": "hercules-ci",
        "repo": "gitignore.nix",
        "rev": "a20de23b925fd8264fd7fad6454652e142fd7f73",
        "type": "github"
      },
      "original": {
        "owner": "hercules-ci",
        "repo": "gitignore.nix",
        "type": "github"
      }
    },
    "nixpkgs": {
      "locked": {
        "lastModified": 1697915759,
        "narHash": "sha256-WyMj5jGcecD+KC8gEs+wFth1J1wjisZf8kVZH13f1Zo=",
        "owner": "NixOS",
        "repo": "nixpkgs",
        "rev": "51d906d2341c9e866e48c2efcaac0f2d70bfd43e",
        "type": "github"
      },
      "original": {
        "id": "nixpkgs",
        "type": "indirect"
      }
    },
    "nixpkgs-stable": {
      "locked": {
        "lastModified": 1685801374,
        "narHash": "sha256-otaSUoFEMM+LjBI1XL/xGB5ao6IwnZOXc47qhIgJe8U=",
        "owner": "NixOS",
        "repo": "nixpkgs",
        "rev": "c37ca420157f4abc31e26f436c1145f8951ff373",
        "type": "github"
      },
      "original": {
        "owner": "NixOS",
        "ref": "nixos-23.05",
        "repo": "nixpkgs",
        "type": "github"
      }
    },
    "nixpkgs_2": {
      "locked": {
        "lastModified": 1697723726,
        "narHash": "sha256-SaTWPkI8a5xSHX/rrKzUe+/uVNy6zCGMXgoeMb7T9rg=",
        "owner": "NixOS",
        "repo": "nixpkgs",
        "rev": "7c9cc5a6e5d38010801741ac830a3f8fd667a7a0",
        "type": "github"
      },
      "original": {
        "owner": "NixOS",
        "ref": "nixos-unstable",
        "repo": "nixpkgs",
        "type": "github"
      }
    },
    "nixpkgs_3": {
      "locked": {
        "lastModified": 1697723726,
        "narHash": "sha256-SaTWPkI8a5xSHX/rrKzUe+/uVNy6zCGMXgoeMb7T9rg=",
        "owner": "nixos",
        "repo": "nixpkgs",
        "rev": "7c9cc5a6e5d38010801741ac830a3f8fd667a7a0",
        "type": "github"
      },
      "original": {
        "owner": "nixos",
        "ref": "nixos-unstable",
        "repo": "nixpkgs",
        "type": "github"
      }
    },
    "nixvim": {
      "inputs": {
        "beautysh": "beautysh",
        "flake-utils": "flake-utils_2",
        "nixpkgs": "nixpkgs_2",
        "pre-commit-hooks": "pre-commit-hooks"
      },
      "locked": {
        "lastModified": 1698063089,
        "narHash": "sha256-fJRcsO+KHf0K04fRHIS6HETJRWMakTNbUaWx8WeYHX4=",
        "owner": "nix-community",
        "repo": "nixvim",
        "rev": "0c5dcb56d105addedd001f043e6a32ab9f1abe92",
        "type": "github"
      },
      "original": {
        "owner": "nix-community",
        "repo": "nixvim",
        "type": "github"
      }
    },
    "php-debug-adapter": {
      "inputs": {
        "flake-utils": "flake-utils_4",
        "nixpkgs": "nixpkgs_3"
      },
      "locked": {
        "lastModified": 1698262481,
        "narHash": "sha256-qmX11pXXbdIPWCcsotwEZMA6MCYb+MP0m1+tuqQWbZ0=",
        "ref": "refs/heads/main",
        "rev": "809d451e4ce72628f64fcd22155021fcce895280",
        "revCount": 2,
        "type": "git",
        "url": "https://gitea.ad-impeldown.synology.me/alpha/php-debug-adapter-flake.git"
      },
      "original": {
        "type": "git",
        "url": "https://gitea.ad-impeldown.synology.me/alpha/php-debug-adapter-flake.git"
      }
    },
    "phpactor": {
      "flake": false,
      "locked": {
        "lastModified": 1695552818,
        "narHash": "sha256-HWWs44gItSQYxrroDY+q9e7uERf0ChSAliqArAUNaJs=",
        "owner": "phpactor",
        "repo": "phpactor",
        "rev": "aa0f667e59ba4c5db624bcf83c3bea91015b0e77",
        "type": "github"
      },
      "original": {
        "owner": "phpactor",
        "ref": "2023.09.24.0",
        "repo": "phpactor",
        "type": "github"
      }
    },
    "plugin-enfocado": {
      "flake": false,
      "locked": {
        "lastModified": 1697862550,
        "narHash": "sha256-s+6f//aZFeaKLNN9cOXEexiPUO7ocZ/docL2fBBdLMc=",
        "owner": "wuelnerdotexe",
        "repo": "vim-enfocado",
        "rev": "2a8fffdff1a20473f0fbacef10f2fb356e039b31",
        "type": "github"
      },
      "original": {
        "owner": "wuelnerdotexe",
        "repo": "vim-enfocado",
        "type": "github"
      }
    },
    "plugin-harpoon": {
      "flake": false,
      "locked": {
        "lastModified": 1696945578,
        "narHash": "sha256-pSnFx5fg1llNlpTCV4hoo3Pf1KWnAJDRVSe+88N4HXM=",
        "owner": "ThePrimeagen",
        "repo": "harpoon",
        "rev": "c1aebbad9e3d13f20bedb8f2ce8b3a94e39e424a",
        "type": "github"
      },
      "original": {
        "owner": "ThePrimeagen",
        "repo": "harpoon",
        "type": "github"
      }
    },
    "plugin-laravel": {
      "flake": false,
      "locked": {
        "lastModified": 1698353155,
        "narHash": "sha256-1npmfRf1QrsdRhLIDbxhvhIaKlTpH4ItFhQLCieZdcY=",
        "owner": "adalessa",
        "repo": "laravel.nvim",
        "rev": "e5b7ffc1d72f57794feccb5414ec19b0f65a5d6a",
        "type": "github"
      },
      "original": {
        "owner": "adalessa",
        "ref": "v2",
        "repo": "laravel.nvim",
        "type": "github"
      }
    },
    "plugin-leetcode": {
      "flake": false,
      "locked": {
        "lastModified": 1697985873,
        "narHash": "sha256-BX9yr9xiUllyBW9Z5kxKXxCrKMbOU8VFtQdESMB8XP4=",
        "owner": "kawre",
        "repo": "leetcode.nvim",
        "rev": "22a899ce96cbffc49de92959ae602dd053f4e325",
        "type": "github"
      },
      "original": {
        "owner": "kawre",
        "repo": "leetcode.nvim",
        "type": "github"
      }
    },
    "plugin-php-lsp-utils": {
      "flake": false,
      "locked": {
        "lastModified": 1696425701,
        "narHash": "sha256-SDIuh0cngigs14V5MBPU+oCxyqaO5MgbEHzRfscz/is=",
        "owner": "adalessa",
        "repo": "php-lsp-utils",
        "rev": "650e4fefd7f22d6b1b075d14aac666d008679c88",
        "type": "github"
      },
      "original": {
        "owner": "adalessa",
        "repo": "php-lsp-utils",
        "type": "github"
      }
    },
    "plugin-scratch": {
      "flake": false,
      "locked": {
        "lastModified": 1696534690,
        "narHash": "sha256-d6/u+7lKTCYHdu+MTSlwlQaRqWsRCxmaA/AJwt8BzvI=",
        "owner": "adalessa",
        "repo": "scratch.nvim",
        "rev": "c1d12519691e8c324a57937ac457117c5207b985",
        "type": "github"
      },
      "original": {
        "owner": "adalessa",
        "repo": "scratch.nvim",
        "type": "github"
      }
    },
    "plugin-telescope-graphql": {
      "flake": false,
      "locked": {
        "lastModified": 1696426060,
        "narHash": "sha256-+GSWeqOrRhwrmJjODIW3xdXSbsBP1Kzo4KGmxKT/f70=",
        "owner": "adalessa",
        "repo": "telescope-graphql",
        "rev": "2a7a8c1052820b920af513120b3142b943f322f4",
        "type": "github"
      },
      "original": {
        "owner": "adalessa",
        "repo": "telescope-graphql",
        "type": "github"
      }
    },
    "plugin-transparent": {
      "flake": false,
      "locked": {
        "lastModified": 1693733176,
        "narHash": "sha256-1JyfwHBCtNCPmsOLzJRWBtg1u9uApQZY4fn2mTL3NZ4=",
        "owner": "xiyaowong",
        "repo": "nvim-transparent",
        "rev": "3af6232c8d39d51062702e875ff6407c1eeb0391",
        "type": "github"
      },
      "original": {
        "owner": "xiyaowong",
        "repo": "nvim-transparent",
        "type": "github"
      }
    },
    "plugin-ultimate-autopairs": {
      "flake": false,
      "locked": {
        "lastModified": 1697608473,
        "narHash": "sha256-mElrJn3FkyFg2VSHiNiaaOBIlr+K3mpnO2apoAzmGuo=",
        "owner": "altermo",
        "repo": "ultimate-autopair.nvim",
        "rev": "ded1b64e26fcc708837a8391e0f385c4b87ca09b",
        "type": "github"
      },
      "original": {
        "owner": "altermo",
        "repo": "ultimate-autopair.nvim",
        "type": "github"
      }
    },
    "poetry2nix": {
      "inputs": {
        "flake-utils": [
          "nixvim",
          "beautysh",
          "utils"
        ],
        "nixpkgs": [
          "nixvim",
          "beautysh",
          "nixpkgs"
        ]
      },
      "locked": {
        "lastModified": 1658665240,
        "narHash": "sha256-/wkx7D7enyBPRjIkK0w7QxLQhzEkb3UxNQnjyc3FTUI=",
        "owner": "nix-community",
        "repo": "poetry2nix",
        "rev": "8b8edc85d24661d5a6d0d71d6a7011f3e699780f",
        "type": "github"
      },
      "original": {
        "owner": "nix-community",
        "repo": "poetry2nix",
        "type": "github"
      }
    },
    "pre-commit-hooks": {
      "inputs": {
        "flake-compat": "flake-compat",
        "flake-utils": "flake-utils_3",
        "gitignore": "gitignore",
        "nixpkgs": [
          "nixvim",
          "nixpkgs"
        ],
        "nixpkgs-stable": "nixpkgs-stable"
      },
      "locked": {
        "lastModified": 1697746376,
        "narHash": "sha256-gu77VkgdfaHgNCVufeb6WP9oqFLjwK4jHcoPZmBVF3E=",
        "owner": "cachix",
        "repo": "pre-commit-hooks.nix",
        "rev": "8cc349bfd082da8782b989cad2158c9ad5bd70fd",
        "type": "github"
      },
      "original": {
        "owner": "cachix",
        "repo": "pre-commit-hooks.nix",
        "type": "github"
      }
    },
    "root": {
      "inputs": {
        "blade-treesitter": "blade-treesitter",
        "flake-utils": "flake-utils",
        "nixpkgs": "nixpkgs",
        "nixvim": "nixvim",
        "php-debug-adapter": "php-debug-adapter",
        "phpactor": "phpactor",
        "plugin-enfocado": "plugin-enfocado",
        "plugin-harpoon": "plugin-harpoon",
        "plugin-laravel": "plugin-laravel",
        "plugin-leetcode": "plugin-leetcode",
        "plugin-php-lsp-utils": "plugin-php-lsp-utils",
        "plugin-scratch": "plugin-scratch",
        "plugin-telescope-graphql": "plugin-telescope-graphql",
        "plugin-transparent": "plugin-transparent",
        "plugin-ultimate-autopairs": "plugin-ultimate-autopairs"
      }
    },
    "systems": {
      "locked": {
        "lastModified": 1681028828,
        "narHash": "sha256-Vy1rq5AaRuLzOxct8nz4T6wlgyUR7zLU309k9mBC768=",
        "owner": "nix-systems",
        "repo": "default",
        "rev": "da67096a3b9bf56a91d16901293e51ba5b49a27e",
        "type": "github"
      },
      "original": {
        "owner": "nix-systems",
        "repo": "default",
        "type": "github"
      }
    },
    "systems_2": {
      "locked": {
        "lastModified": 1681028828,
        "narHash": "sha256-Vy1rq5AaRuLzOxct8nz4T6wlgyUR7zLU309k9mBC768=",
        "owner": "nix-systems",
        "repo": "default",
        "rev": "da67096a3b9bf56a91d16901293e51ba5b49a27e",
        "type": "github"
      },
      "original": {
        "owner": "nix-systems",
        "repo": "default",
        "type": "github"
      }
    },
    "systems_3": {
      "locked": {
        "lastModified": 1681028828,
        "narHash": "sha256-Vy1rq5AaRuLzOxct8nz4T6wlgyUR7zLU309k9mBC768=",
        "owner": "nix-systems",
        "repo": "default",
        "rev": "da67096a3b9bf56a91d16901293e51ba5b49a27e",
        "type": "github"
      },
      "original": {
        "owner": "nix-systems",
        "repo": "default",
        "type": "github"
      }
    },
    "systems_4": {
      "locked": {
        "lastModified": 1681028828,
        "narHash": "sha256-Vy1rq5AaRuLzOxct8nz4T6wlgyUR7zLU309k9mBC768=",
        "owner": "nix-systems",
        "repo": "default",
        "rev": "da67096a3b9bf56a91d16901293e51ba5b49a27e",
        "type": "github"
      },
      "original": {
        "owner": "nix-systems",
        "repo": "default",
        "type": "github"
      }
    },
    "utils": {
      "locked": {
        "lastModified": 1678901627,
        "narHash": "sha256-U02riOqrKKzwjsxc/400XnElV+UtPUQWpANPlyazjH0=",
        "owner": "numtide",
        "repo": "flake-utils",
        "rev": "93a2b84fc4b70d9e089d029deacc3583435c2ed6",
        "type": "github"
      },
      "original": {
        "owner": "numtide",
        "repo": "flake-utils",
        "type": "github"
      }
    }
  },
  "root": "root",
  "version": 7
}
